
Microsoft Visual Studio Solution File, Format Version 12.00
# Visual Studio Version 17
VisualStudioVersion = 17.4.33213.308
MinimumVisualStudioVersion = 10.0.40219.1
Project("{FAE04EC0-301F-11D3-BF4B-00C04F79EFBC}") = "PTB2", "PTB2\PTB2.csproj", "{965ADD61-8FCA-41E3-BD81-C59151DAC162}"
EndProject
Global
	GlobalSection(SolutionConfigurationPlatforms) = preSolution
		Debug|Any CPU = Debug|Any CPU
		Release|Any CPU = Release|Any CPU
	EndGlobalSection
	GlobalSection(ProjectConfigurationPlatforms) = postSolution
		{965ADD61-8FCA-41E3-BD81-C59151DAC162}.Debug|Any CPU.ActiveCfg = Debug|Any CPU
		{965ADD61-8FCA-41E3-BD81-C59151DAC162}.Debug|Any CPU.Build.0 = Debug|Any CPU
		{965ADD61-8FCA-41E3-BD81-C59151DAC162}.Release|Any CPU.ActiveCfg = Release|Any CPU
		{965ADD61-8FCA-41E3-BD81-C59151DAC162}.Release|Any CPU.Build.0 = Release|Any CPU
	EndGlobalSection
	GlobalSection(SolutionProperties) = preSolution
		HideSolutionNode = FALSE
	EndGlobalSection
	GlobalSection(ExtensibilityGlobals) = postSolution
		SolutionGuid = {636EF0CC-9B69-4637-8FE5-22CC8C688EDD}
	EndGlobalSection
EndGlobal
