
Microsoft Visual Studio Solution File, Format Version 12.00
# Visual Studio Version 17
VisualStudioVersion = 17.4.33213.308
MinimumVisualStudioVersion = 10.0.40219.1
Project("{FAE04EC0-301F-11D3-BF4B-00C04F79EFBC}") = "FormDemoDA", "FormDemoDA\FormDemoDA.csproj", "{FFB6346B-B8D5-4D70-B88A-F70475B38C22}"
EndProject
Global
	GlobalSection(SolutionConfigurationPlatforms) = preSolution
		Debug|Any CPU = Debug|Any CPU
		Release|Any CPU = Release|Any CPU
	EndGlobalSection
	GlobalSection(ProjectConfigurationPlatforms) = postSolution
		{FFB6346B-B8D5-4D70-B88A-F70475B38C22}.Debug|Any CPU.ActiveCfg = Debug|Any CPU
		{FFB6346B-B8D5-4D70-B88A-F70475B38C22}.Debug|Any CPU.Build.0 = Debug|Any CPU
		{FFB6346B-B8D5-4D70-B88A-F70475B38C22}.Release|Any CPU.ActiveCfg = Release|Any CPU
		{FFB6346B-B8D5-4D70-B88A-F70475B38C22}.Release|Any CPU.Build.0 = Release|Any CPU
	EndGlobalSection
	GlobalSection(SolutionProperties) = preSolution
		HideSolutionNode = FALSE
	EndGlobalSection
	GlobalSection(ExtensibilityGlobals) = postSolution
		SolutionGuid = {37B3A4F4-758A-406A-9E4D-B17154CE4A4E}
	EndGlobalSection
EndGlobal
