
Microsoft Visual Studio Solution File, Format Version 12.00
# Visual Studio Version 17
VisualStudioVersion = 17.4.33213.308
MinimumVisualStudioVersion = 10.0.40219.1
Project("{FAE04EC0-301F-11D3-BF4B-00C04F79EFBC}") = "WindowsFormsApp2", "WindowsFormsApp2\WindowsFormsApp2.csproj", "{19A7D896-CDE3-41C6-83FD-1E89F413A4C5}"
EndProject
Global
	GlobalSection(SolutionConfigurationPlatforms) = preSolution
		Debug|Any CPU = Debug|Any CPU
		Release|Any CPU = Release|Any CPU
	EndGlobalSection
	GlobalSection(ProjectConfigurationPlatforms) = postSolution
		{19A7D896-CDE3-41C6-83FD-1E89F413A4C5}.Debug|Any CPU.ActiveCfg = Debug|Any CPU
		{19A7D896-CDE3-41C6-83FD-1E89F413A4C5}.Debug|Any CPU.Build.0 = Debug|Any CPU
		{19A7D896-CDE3-41C6-83FD-1E89F413A4C5}.Release|Any CPU.ActiveCfg = Release|Any CPU
		{19A7D896-CDE3-41C6-83FD-1E89F413A4C5}.Release|Any CPU.Build.0 = Release|Any CPU
	EndGlobalSection
	GlobalSection(SolutionProperties) = preSolution
		HideSolutionNode = FALSE
	EndGlobalSection
	GlobalSection(ExtensibilityGlobals) = postSolution
		SolutionGuid = {65BAE600-A3E2-42B0-85E5-1229151358F8}
	EndGlobalSection
EndGlobal
