
Microsoft Visual Studio Solution File, Format Version 12.00
# Visual Studio Version 17
VisualStudioVersion = 17.4.33213.308
MinimumVisualStudioVersion = 10.0.40219.1
Project("{FAE04EC0-301F-11D3-BF4B-00C04F79EFBC}") = "WordPadApp", "WordPadApp\WordPadApp.csproj", "{9560F376-A59E-4756-8AA6-10C479FAEA62}"
EndProject
Global
	GlobalSection(SolutionConfigurationPlatforms) = preSolution
		Debug|Any CPU = Debug|Any CPU
		Release|Any CPU = Release|Any CPU
	EndGlobalSection
	GlobalSection(ProjectConfigurationPlatforms) = postSolution
		{9560F376-A59E-4756-8AA6-10C479FAEA62}.Debug|Any CPU.ActiveCfg = Debug|Any CPU
		{9560F376-A59E-4756-8AA6-10C479FAEA62}.Debug|Any CPU.Build.0 = Debug|Any CPU
		{9560F376-A59E-4756-8AA6-10C479FAEA62}.Release|Any CPU.ActiveCfg = Release|Any CPU
		{9560F376-A59E-4756-8AA6-10C479FAEA62}.Release|Any CPU.Build.0 = Release|Any CPU
	EndGlobalSection
	GlobalSection(SolutionProperties) = preSolution
		HideSolutionNode = FALSE
	EndGlobalSection
	GlobalSection(ExtensibilityGlobals) = postSolution
		SolutionGuid = {99709BD1-8617-4B1E-993D-7D9D6B880DDD}
	EndGlobalSection
EndGlobal
